// !$*UTF8*$!
{
	archiveVersion = 1;
	classes = {
	};
	objectVersion = 55;
	objects = {

/* Begin PBXBuildFile section */
		90C8281E2710E55500A8C356 /* AppDelegate.swift in Sources */ = {isa = PBXBuildFile; fileRef = 90C8281D2710E55500A8C356 /* AppDelegate.swift */; };
		90C828202710E55500A8C356 /* SceneDelegate.swift in Sources */ = {isa = PBXBuildFile; fileRef = 90C8281F2710E55500A8C356 /* SceneDelegate.swift */; };
		90C828222710E55500A8C356 /* ViewController.swift in Sources */ = {isa = PBXBuildFile; fileRef = 90C828212710E55500A8C356 /* ViewController.swift */; };
		90C828252710E55500A8C356 /* Main.storyboard in Resources */ = {isa = PBXBuildFile; fileRef = 90C828232710E55500A8C356 /* Main.storyboard */; };
		90C828272710E55A00A8C356 /* Assets.xcassets in Resources */ = {isa = PBXBuildFile; fileRef = 90C828262710E55A00A8C356 /* Assets.xcassets */; };
		90C8282A2710E55A00A8C356 /* LaunchScreen.storyboard in Resources */ = {isa = PBXBuildFile; fileRef = 90C828282710E55A00A8C356 /* LaunchScreen.storyboard */; };
		90C828352710E55B00A8C356 /* HW3_EmircanAydinTests.swift in Sources */ = {isa = PBXBuildFile; fileRef = 90C828342710E55B00A8C356 /* HW3_EmircanAydinTests.swift */; };
		90C8283F2710E55B00A8C356 /* HW3_EmircanAydinUITests.swift in Sources */ = {isa = PBXBuildFile; fileRef = 90C8283E2710E55B00A8C356 /* HW3_EmircanAydinUITests.swift */; };
		90C828412710E55B00A8C356 /* HW3_EmircanAydinUITestsLaunchTests.swift in Sources */ = {isa = PBXBuildFile; fileRef = 90C828402710E55B00A8C356 /* HW3_EmircanAydinUITestsLaunchTests.swift */; };
/* End PBXBuildFile section */

/* Begin PBXContainerItemProxy section */
		90C828312710E55B00A8C356 /* PBXContainerItemProxy */ = {
			isa = PBXContainerItemProxy;
			containerPortal = 90C828122710E55500A8C356 /* Project object */;
			proxyType = 1;
			remoteGlobalIDString = 90C828192710E55500A8C356;
			remoteInfo = HW3_EmircanAydin;
		};
		90C8283B2710E55B00A8C356 /* PBXContainerItemProxy */ = {
			isa = PBXContainerItemProxy;
			containerPortal = 90C828122710E55500A8C356 /* Project object */;
			proxyType = 1;
			remoteGlobalIDString = 90C828192710E55500A8C356;
			remoteInfo = HW3_EmircanAydin;
		};
/* End PBXContainerItemProxy section */

/* Begin PBXFileReference section */
		90C8281A2710E55500A8C356 /* HW3_EmircanAydin.app */ = {isa = PBXFileReference; explicitFileType = wrapper.application; includeInIndex = 0; path = HW3_EmircanAydin.app; sourceTree = BUILT_PRODUCTS_DIR; };
		90C8281D2710E55500A8C356 /* AppDelegate.swift */ = {isa = PBXFileReference; lastKnownFileType = sourcecode.swift; path = AppDelegate.swift; sourceTree = "<group>"; };
		90C8281F2710E55500A8C356 /* SceneDelegate.swift */ = {isa = PBXFileReference; lastKnownFileType = sourcecode.swift; path = SceneDelegate.swift; sourceTree = "<group>"; };
		90C828212710E55500A8C356 /* ViewController.swift */ = {isa = PBXFileReference; lastKnownFileType = sourcecode.swift; path = ViewController.swift; sourceTree = "<group>"; };
		90C828242710E55500A8C356 /* Base */ = {isa = PBXFileReference; lastKnownFileType = file.storyboard; name = Base; path = Base.lproj/Main.storyboard; sourceTree = "<group>"; };
		90C828262710E55A00A8C356 /* Assets.xcassets */ = {isa = PBXFileReference; lastKnownFileType = folder.assetcatalog; path = Assets.xcassets; sourceTree = "<group>"; };
		90C828292710E55A00A8C356 /* Base */ = {isa = PBXFileReference; lastKnownFileType = file.storyboard; name = Base; path = Base.lproj/LaunchScreen.storyboard; sourceTree = "<group>"; };
		90C8282B2710E55A00A8C356 /* Info.plist */ = {isa = PBXFileReference; lastKnownFileType = text.plist.xml; path = Info.plist; sourceTree = "<group>"; };
		90C828302710E55B00A8C356 /* HW3_EmircanAydinTests.xctest */ = {isa = PBXFileReference; explicitFileType = wrapper.cfbundle; includeInIndex = 0; path = HW3_EmircanAydinTests.xctest; sourceTree = BUILT_PRODUCTS_DIR; };
		90C828342710E55B00A8C356 /* HW3_EmircanAydinTests.swift */ = {isa = PBXFileReference; lastKnownFileType = sourcecode.swift; path = HW3_EmircanAydinTests.swift; sourceTree = "<group>"; };
		90C8283A2710E55B00A8C356 /* HW3_EmircanAydinUITests.xctest */ = {isa = PBXFileReference; explicitFileType = wrapper.cfbundle; includeInIndex = 0; path = HW3_EmircanAydinUITests.xctest; sourceTree = BUILT_PRODUCTS_DIR; };
		90C8283E2710E55B00A8C356 /* HW3_EmircanAydinUITests.swift */ = {isa = PBXFileReference; lastKnownFileType = sourcecode.swift; path = HW3_EmircanAydinUITests.swift; sourceTree = "<group>"; };
		90C828402710E55B00A8C356 /* HW3_EmircanAydinUITestsLaunchTests.swift */ = {isa = PBXFileReference; lastKnownFileType = sourcecode.swift; path = HW3_EmircanAydinUITestsLaunchTests.swift; sourceTree = "<group>"; };
/* End PBXFileReference section */

/* Begin PBXFrameworksBuildPhase section */
		90C828172710E55500A8C356 /* Frameworks */ = {
			isa = PBXFrameworksBuildPhase;
			buildActionMask = 2147483647;
			files = (
			);
			runOnlyForDeploymentPostprocessing = 0;
		};
		90C8282D2710E55B00A8C356 /* Frameworks */ = {
			isa = PBXFrameworksBuildPhase;
			buildActionMask = 2147483647;
			files = (
			);
			runOnlyForDeploymentPostprocessing = 0;
		};
		90C828372710E55B00A8C356 /* Frameworks */ = {
			isa = PBXFrameworksBuildPhase;
			buildActionMask = 2147483647;
			files = (
			);
			runOnlyForDeploymentPostprocessing = 0;
		};
/* End PBXFrameworksBuildPhase section */

/* Begin PBXGroup section */
		90C828112710E55500A8C356 = {
			isa = PBXGroup;
			children = (
				90C8281C2710E55500A8C356 /* HW3_EmircanAydin */,
				90C828332710E55B00A8C356 /* HW3_EmircanAydinTests */,
				90C8283D2710E55B00A8C356 /* HW3_EmircanAydinUITests */,
				90C8281B2710E55500A8C356 /* Products */,
			);
			sourceTree = "<group>";
		};
		90C8281B2710E55500A8C356 /* Products */ = {
			isa = PBXGroup;
			children = (
				90C8281A2710E55500A8C356 /* HW3_EmircanAydin.app */,
				90C828302710E55B00A8C356 /* HW3_EmircanAydinTests.xctest */,
				90C8283A2710E55B00A8C356 /* HW3_EmircanAydinUITests.xctest */,
			);
			name = Products;
			sourceTree = "<group>";
		};
		90C8281C2710E55500A8C356 /* HW3_EmircanAydin */ = {
			isa = PBXGroup;
			children = (
				90C8281D2710E55500A8C356 /* AppDelegate.swift */,
				90C8281F2710E55500A8C356 /* SceneDelegate.swift */,
				90C828212710E55500A8C356 /* ViewController.swift */,
				90C828232710E55500A8C356 /* Main.storyboard */,
				90C828262710E55A00A8C356 /* Assets.xcassets */,
				90C828282710E55A00A8C356 /* LaunchScreen.storyboard */,
				90C8282B2710E55A00A8C356 /* Info.plist */,
			);
			path = HW3_EmircanAydin;
			sourceTree = "<group>";
		};
		90C828332710E55B00A8C356 /* HW3_EmircanAydinTests */ = {
			isa = PBXGroup;
			children = (
				90C828342710E55B00A8C356 /* HW3_EmircanAydinTests.swift */,
			);
			path = HW3_EmircanAydinTests;
			sourceTree = "<group>";
		};
		90C8283D2710E55B00A8C356 /* HW3_EmircanAydinUITests */ = {
			isa = PBXGroup;
			children = (
				90C8283E2710E55B00A8C356 /* HW3_EmircanAydinUITests.swift */,
				90C828402710E55B00A8C356 /* HW3_EmircanAydinUITestsLaunchTests.swift */,
			);
			path = HW3_EmircanAydinUITests;
			sourceTree = "<group>";
		};
/* End PBXGroup section */

/* Begin PBXNativeTarget section */
		90C828192710E55500A8C356 /* HW3_EmircanAydin */ = {
			isa = PBXNativeTarget;
			buildConfigurationList = 90C828442710E55B00A8C356 /* Build configuration list for PBXNativeTarget "HW3_EmircanAydin" */;
			buildPhases = (
				90C828162710E55500A8C356 /* Sources */,
				90C828172710E55500A8C356 /* Frameworks */,
				90C828182710E55500A8C356 /* Resources */,
			);
			buildRules = (
			);
			dependencies = (
			);
			name = HW3_EmircanAydin;
			productName = HW3_EmircanAydin;
			productReference = 90C8281A2710E55500A8C356 /* HW3_EmircanAydin.app */;
			productType = "com.apple.product-type.application";
		};
		90C8282F2710E55B00A8C356 /* HW3_EmircanAydinTests */ = {
			isa = PBXNativeTarget;
			buildConfigurationList = 90C828472710E55B00A8C356 /* Build configuration list for PBXNativeTarget "HW3_EmircanAydinTests" */;
			buildPhases = (
				90C8282C2710E55B00A8C356 /* Sources */,
				90C8282D2710E55B00A8C356 /* Frameworks */,
				90C8282E2710E55B00A8C356 /* Resources */,
			);
			buildRules = (
			);
			dependencies = (
				90C828322710E55B00A8C356 /* PBXTargetDependency */,
			);
			name = HW3_EmircanAydinTests;
			productName = HW3_EmircanAydinTests;
			productReference = 90C828302710E55B00A8C356 /* HW3_EmircanAydinTests.xctest */;
			productType = "com.apple.product-type.bundle.unit-test";
		};
		90C828392710E55B00A8C356 /* HW3_EmircanAydinUITests */ = {
			isa = PBXNativeTarget;
			buildConfigurationList = 90C8284A2710E55B00A8C356 /* Build configuration list for PBXNativeTarget "HW3_EmircanAydinUITests" */;
			buildPhases = (
				90C828362710E55B00A8C356 /* Sources */,
				90C828372710E55B00A8C356 /* Frameworks */,
				90C828382710E55B00A8C356 /* Resources */,
			);
			buildRules = (
			);
			dependencies = (
				90C8283C2710E55B00A8C356 /* PBXTargetDependency */,
			);
			name = HW3_EmircanAydinUITests;
			productName = HW3_EmircanAydinUITests;
			productReference = 90C8283A2710E55B00A8C356 /* HW3_EmircanAydinUITests.xctest */;
			productType = "com.apple.product-type.bundle.ui-testing";
		};
/* End PBXNativeTarget section */

/* Begin PBXProject section */
		90C828122710E55500A8C356 /* Project object */ = {
			isa = PBXProject;
			attributes = {
				BuildIndependentTargetsInParallel = 1;
				LastSwiftUpdateCheck = 1300;
				LastUpgradeCheck = 1300;
				TargetAttributes = {
					90C828192710E55500A8C356 = {
						CreatedOnToolsVersion = 13.0;
					};
					90C8282F2710E55B00A8C356 = {
						CreatedOnToolsVersion = 13.0;
						TestTargetID = 90C828192710E55500A8C356;
					};
					90C828392710E55B00A8C356 = {
						CreatedOnToolsVersion = 13.0;
						TestTargetID = 90C828192710E55500A8C356;
					};
				};
			};
			buildConfigurationList = 90C828152710E55500A8C356 /* Build configuration list for PBXProject "HW3_EmircanAydin" */;
			compatibilityVersion = "Xcode 13.0";
			developmentRegion = en;
			hasScannedForEncodings = 0;
			knownRegions = (
				en,
				Base,
			);
			mainGroup = 90C828112710E55500A8C356;
			productRefGroup = 90C8281B2710E55500A8C356 /* Products */;
			projectDirPath = "";
			projectRoot = "";
			targets = (
				90C828192710E55500A8C356 /* HW3_EmircanAydin */,
				90C8282F2710E55B00A8C356 /* HW3_EmircanAydinTests */,
				90C828392710E55B00A8C356 /* HW3_EmircanAydinUITests */,
			);
		};
/* End PBXProject section */

/* Begin PBXResourcesBuildPhase section */
		90C828182710E55500A8C356 /* Resources */ = {
			isa = PBXResourcesBuildPhase;
			buildActionMask = 2147483647;
			files = (
				90C8282A2710E55A00A8C356 /* LaunchScreen.storyboard in Resources */,
				90C828272710E55A00A8C356 /* Assets.xcassets in Resources */,
				90C828252710E55500A8C356 /* Main.storyboard in Resources */,
			);
			runOnlyForDeploymentPostprocessing = 0;
		};
		90C8282E2710E55B00A8C356 /* Resources */ = {
			isa = PBXResourcesBuildPhase;
			buildActionMask = 2147483647;
			files = (
			);
			runOnlyForDeploymentPostprocessing = 0;
		};
		90C828382710E55B00A8C356 /* Resources */ = {
			isa = PBXResourcesBuildPhase;
			buildActionMask = 2147483647;
			files = (
			);
			runOnlyForDeploymentPostprocessing = 0;
		};
/* End PBXResourcesBuildPhase section */

/* Begin PBXSourcesBuildPhase section */
		90C828162710E55500A8C356 /* Sources */ = {
			isa = PBXSourcesBuildPhase;
			buildActionMask = 2147483647;
			files = (
				90C828222710E55500A8C356 /* ViewController.swift in Sources */,
				90C8281E2710E55500A8C356 /* AppDelegate.swift in Sources */,
				90C828202710E55500A8C356 /* SceneDelegate.swift in Sources */,
			);
			runOnlyForDeploymentPostprocessing = 0;
		};
		90C8282C2710E55B00A8C356 /* Sources */ = {
			isa = PBXSourcesBuildPhase;
			buildActionMask = 2147483647;
			files = (
				90C828352710E55B00A8C356 /* HW3_EmircanAydinTests.swift in Sources */,
			);
			runOnlyForDeploymentPostprocessing = 0;
		};
		90C828362710E55B00A8C356 /* Sources */ = {
			isa = PBXSourcesBuildPhase;
			buildActionMask = 2147483647;
			files = (
				90C8283F2710E55B00A8C356 /* HW3_EmircanAydinUITests.swift in Sources */,
				90C828412710E55B00A8C356 /* HW3_EmircanAydinUITestsLaunchTests.swift in Sources */,
			);
			runOnlyForDeploymentPostprocessing = 0;
		};
/* End PBXSourcesBuildPhase section */

/* Begin PBXTargetDependency section */
		90C828322710E55B00A8C356 /* PBXTargetDependency */ = {
			isa = PBXTargetDependency;
			target = 90C828192710E55500A8C356 /* HW3_EmircanAydin */;
			targetProxy = 90C828312710E55B00A8C356 /* PBXContainerItemProxy */;
		};
		90C8283C2710E55B00A8C356 /* PBXTargetDependency */ = {
			isa = PBXTargetDependency;
			target = 90C828192710E55500A8C356 /* HW3_EmircanAydin */;
			targetProxy = 90C8283B2710E55B00A8C356 /* PBXContainerItemProxy */;
		};
/* End PBXTargetDependency section */

/* Begin PBXVariantGroup section */
		90C828232710E55500A8C356 /* Main.storyboard */ = {
			isa = PBXVariantGroup;
			children = (
				90C828242710E55500A8C356 /* Base */,
			);
			name = Main.storyboard;
			sourceTree = "<group>";
		};
		90C828282710E55A00A8C356 /* LaunchScreen.storyboard */ = {
			isa = PBXVariantGroup;
			children = (
				90C828292710E55A00A8C356 /* Base */,
			);
			name = LaunchScreen.storyboard;
			sourceTree = "<group>";
		};
/* End PBXVariantGroup section */

/* Begin XCBuildConfiguration section */
		90C828422710E55B00A8C356 /* Debug */ = {
			isa = XCBuildConfiguration;
			buildSettings = {
				ALWAYS_SEARCH_USER_PATHS = NO;
				CLANG_ANALYZER_NONNULL = YES;
				CLANG_ANALYZER_NUMBER_OBJECT_CONVERSION = YES_AGGRESSIVE;
				CLANG_CXX_LANGUAGE_STANDARD = "gnu++17";
				CLANG_CXX_LIBRARY = "libc++";
				CLANG_ENABLE_MODULES = YES;
				CLANG_ENABLE_OBJC_ARC = YES;
				CLANG_ENABLE_OBJC_WEAK = YES;
				CLANG_WARN_BLOCK_CAPTURE_AUTORELEASING = YES;
				CLANG_WARN_BOOL_CONVERSION = YES;
				CLANG_WARN_COMMA = YES;
				CLANG_WARN_CONSTANT_CONVERSION = YES;
				CLANG_WARN_DEPRECATED_OBJC_IMPLEMENTATIONS = YES;
				CLANG_WARN_DIRECT_OBJC_ISA_USAGE = YES_ERROR;
				CLANG_WARN_DOCUMENTATION_COMMENTS = YES;
				CLANG_WARN_EMPTY_BODY = YES;
				CLANG_WARN_ENUM_CONVERSION = YES;
				CLANG_WARN_INFINITE_RECURSION = YES;
				CLANG_WARN_INT_CONVERSION = YES;
				CLANG_WARN_NON_LITERAL_NULL_CONVERSION = YES;
				CLANG_WARN_OBJC_IMPLICIT_RETAIN_SELF = YES;
				CLANG_WARN_OBJC_LITERAL_CONVERSION = YES;
				CLANG_WARN_OBJC_ROOT_CLASS = YES_ERROR;
				CLANG_WARN_QUOTED_INCLUDE_IN_FRAMEWORK_HEADER = YES;
				CLANG_WARN_RANGE_LOOP_ANALYSIS = YES;
				CLANG_WARN_STRICT_PROTOTYPES = YES;
				CLANG_WARN_SUSPICIOUS_MOVE = YES;
				CLANG_WARN_UNGUARDED_AVAILABILITY = YES_AGGRESSIVE;
				CLANG_WARN_UNREACHABLE_CODE = YES;
				CLANG_WARN__DUPLICATE_METHOD_MATCH = YES;
				COPY_PHASE_STRIP = NO;
				DEBUG_INFORMATION_FORMAT = dwarf;
				ENABLE_STRICT_OBJC_MSGSEND = YES;
				ENABLE_TESTABILITY = YES;
				GCC_C_LANGUAGE_STANDARD = gnu11;
				GCC_DYNAMIC_NO_PIC = NO;
				GCC_NO_COMMON_BLOCKS = YES;
				GCC_OPTIMIZATION_LEVEL = 0;
				GCC_PREPROCESSOR_DEFINITIONS = (
					"DEBUG=1",
					"$(inherited)",
				);
				GCC_WARN_64_TO_32_BIT_CONVERSION = YES;
				GCC_WARN_ABOUT_RETURN_TYPE = YES_ERROR;
				GCC_WARN_UNDECLARED_SELECTOR = YES;
				GCC_WARN_UNINITIALIZED_AUTOS = YES_AGGRESSIVE;
				GCC_WARN_UNUSED_FUNCTION = YES;
				GCC_WARN_UNUSED_VARIABLE = YES;
				IPHONEOS_DEPLOYMENT_TARGET = 15.0;
				MTL_ENABLE_DEBUG_INFO = INCLUDE_SOURCE;
				MTL_FAST_MATH = YES;
				ONLY_ACTIVE_ARCH = YES;
				SDKROOT = iphoneos;
				SWIFT_ACTIVE_COMPILATION_CONDITIONS = DEBUG;
				SWIFT_OPTIMIZATION_LEVEL = "-Onone";
			};
			name = Debug;
		};
		90C828432710E55B00A8C356 /* Release */ = {
			isa = XCBuildConfiguration;
			buildSettings = {
				ALWAYS_SEARCH_USER_PATHS = NO;
				CLANG_ANALYZER_NONNULL = YES;
				CLANG_ANALYZER_NUMBER_OBJECT_CONVERSION = YES_AGGRESSIVE;
				CLANG_CXX_LANGUAGE_STANDARD = "gnu++17";
				CLANG_CXX_LIBRARY = "libc++";
				CLANG_ENABLE_MODULES = YES;
				CLANG_ENABLE_OBJC_ARC = YES;
				CLANG_ENABLE_OBJC_WEAK = YES;
				CLANG_WARN_BLOCK_CAPTURE_AUTORELEASING = YES;
				CLANG_WARN_BOOL_CONVERSION = YES;
				CLANG_WARN_COMMA = YES;
				CLANG_WARN_CONSTANT_CONVERSION = YES;
				CLANG_WARN_DEPRECATED_OBJC_IMPLEMENTATIONS = YES;
				CLANG_WARN_DIRECT_OBJC_ISA_USAGE = YES_ERROR;
				CLANG_WARN_DOCUMENTATION_COMMENTS = YES;
				CLANG_WARN_EMPTY_BODY = YES;
				CLANG_WARN_ENUM_CONVERSION = YES;
				CLANG_WARN_INFINITE_RECURSION = YES;
				CLANG_WARN_INT_CONVERSION = YES;
				CLANG_WARN_NON_LITERAL_NULL_CONVERSION = YES;
				CLANG_WARN_OBJC_IMPLICIT_RETAIN_SELF = YES;
				CLANG_WARN_OBJC_LITERAL_CONVERSION = YES;
				CLANG_WARN_OBJC_ROOT_CLASS = YES_ERROR;
				CLANG_WARN_QUOTED_INCLUDE_IN_FRAMEWORK_HEADER = YES;
				CLANG_WARN_RANGE_LOOP_ANALYSIS = YES;
				CLANG_WARN_STRICT_PROTOTYPES = YES;
				CLANG_WARN_SUSPICIOUS_MOVE = YES;
				CLANG_WARN_UNGUARDED_AVAILABILITY = YES_AGGRESSIVE;
				CLANG_WARN_UNREACHABLE_CODE = YES;
				CLANG_WARN__DUPLICATE_METHOD_MATCH = YES;
				COPY_PHASE_STRIP = NO;
				DEBUG_INFORMATION_FORMAT = "dwarf-with-dsym";
				ENABLE_NS_ASSERTIONS = NO;
				ENABLE_STRICT_OBJC_MSGSEND = YES;
				GCC_C_LANGUAGE_STANDARD = gnu11;
				GCC_NO_COMMON_BLOCKS = YES;
				GCC_WARN_64_TO_32_BIT_CONVERSION = YES;
				GCC_WARN_ABOUT_RETURN_TYPE = YES_ERROR;
				GCC_WARN_UNDECLARED_SELECTOR = YES;
				GCC_WARN_UNINITIALIZED_AUTOS = YES_AGGRESSIVE;
				GCC_WARN_UNUSED_FUNCTION = YES;
				GCC_WARN_UNUSED_VARIABLE = YES;
				IPHONEOS_DEPLOYMENT_TARGET = 15.0;
				MTL_ENABLE_DEBUG_INFO = NO;
				MTL_FAST_MATH = YES;
				SDKROOT = iphoneos;
				SWIFT_COMPILATION_MODE = wholemodule;
				SWIFT_OPTIMIZATION_LEVEL = "-O";
				VALIDATE_PRODUCT = YES;
			};
			name = Release;
		};
		90C828452710E55B00A8C356 /* Debug */ = {
			isa = XCBuildConfiguration;
			buildSettings = {
				ASSETCATALOG_COMPILER_APPICON_NAME = AppIcon;
				ASSETCATALOG_COMPILER_GLOBAL_ACCENT_COLOR_NAME = AccentColor;
				CODE_SIGN_STYLE = Automatic;
				CURRENT_PROJECT_VERSION = 1;
				DEVELOPMENT_TEAM = K837NJXMYB;
				GENERATE_INFOPLIST_FILE = YES;
				INFOPLIST_FILE = HW3_EmircanAydin/Info.plist;
				INFOPLIST_KEY_UIApplicationSupportsIndirectInputEvents = YES;
				INFOPLIST_KEY_UILaunchStoryboardName = LaunchScreen;
				INFOPLIST_KEY_UIMainStoryboardFile = Main;
				INFOPLIST_KEY_UISupportedInterfaceOrientations_iPad = "UIInterfaceOrientationPortrait UIInterfaceOrientationPortraitUpsideDown UIInterfaceOrientationLandscapeLeft UIInterfaceOrientationLandscapeRight";
				INFOPLIST_KEY_UISupportedInterfaceOrientations_iPhone = "UIInterfaceOrientationPortrait UIInterfaceOrientationLandscapeLeft UIInterfaceOrientationLandscapeRight";
				LD_RUNPATH_SEARCH_PATHS = (
					"$(inherited)",
					"@executable_path/Frameworks",
				);
				MARKETING_VERSION = 1.0;
				PRODUCT_BUNDLE_IDENTIFIER = "com.emircan.HW3-EmircanAydin";
				PRODUCT_NAME = "$(TARGET_NAME)";
				SWIFT_EMIT_LOC_STRINGS = YES;
				SWIFT_VERSION = 5.0;
				TARGETED_DEVICE_FAMILY = "1,2";
			};
			name = Debug;
		};
		90C828462710E55B00A8C356 /* Release */ = {
			isa = XCBuildConfiguration;
			buildSettings = {
				ASSETCATALOG_COMPILER_APPICON_NAME = AppIcon;
				ASSETCATALOG_COMPILER_GLOBAL_ACCENT_COLOR_NAME = AccentColor;
				CODE_SIGN_STYLE = Automatic;
				CURRENT_PROJECT_VERSION = 1;
				DEVELOPMENT_TEAM = K837NJXMYB;
				GENERATE_INFOPLIST_FILE = YES;
				INFOPLIST_FILE = HW3_EmircanAydin/Info.plist;
				INFOPLIST_KEY_UIApplicationSupportsIndirectInputEvents = YES;
				INFOPLIST_KEY_UILaunchStoryboardName = LaunchScreen;
				INFOPLIST_KEY_UIMainStoryboardFile = Main;
				INFOPLIST_KEY_UISupportedInterfaceOrientations_iPad = "UIInterfaceOrientationPortrait UIInterfaceOrientationPortraitUpsideDown UIInterfaceOrientationLandscapeLeft UIInterfaceOrientationLandscapeRight";
				INFOPLIST_KEY_UISupportedInterfaceOrientations_iPhone = "UIInterfaceOrientationPortrait UIInterfaceOrientationLandscapeLeft UIInterfaceOrientationLandscapeRight";
				LD_RUNPATH_SEARCH_PATHS = (
					"$(inherited)",
					"@executable_path/Frameworks",
				);
				MARKETING_VERSION = 1.0;
				PRODUCT_BUNDLE_IDENTIFIER = "com.emircan.HW3-EmircanAydin";
				PRODUCT_NAME = "$(TARGET_NAME)";
				SWIFT_EMIT_LOC_STRINGS = YES;
				SWIFT_VERSION = 5.0;
				TARGETED_DEVICE_FAMILY = "1,2";
			};
			name = Release;
		};
		90C828482710E55B00A8C356 /* Debug */ = {
			isa = XCBuildConfiguration;
			buildSettings = {
				ALWAYS_EMBED_SWIFT_STANDARD_LIBRARIES = YES;
				BUNDLE_LOADER = "$(TEST_HOST)";
				CODE_SIGN_STYLE = Automatic;
				CURRENT_PROJECT_VERSION = 1;
				DEVELOPMENT_TEAM = K837NJXMYB;
				GENERATE_INFOPLIST_FILE = YES;
				IPHONEOS_DEPLOYMENT_TARGET = 15.0;
				LD_RUNPATH_SEARCH_PATHS = (
					"$(inherited)",
					"@executable_path/Frameworks",
					"@loader_path/Frameworks",
				);
				MARKETING_VERSION = 1.0;
				PRODUCT_BUNDLE_IDENTIFIER = "com.emircan.HW3-EmircanAydinTests";
				PRODUCT_NAME = "$(TARGET_NAME)";
				SWIFT_EMIT_LOC_STRINGS = NO;
				SWIFT_VERSION = 5.0;
				TARGETED_DEVICE_FAMILY = "1,2";
				TEST_HOST = "$(BUILT_PRODUCTS_DIR)/HW3_EmircanAydin.app/HW3_EmircanAydin";
			};
			name = Debug;
		};
		90C828492710E55B00A8C356 /* Release */ = {
			isa = XCBuildConfiguration;
			buildSettings = {
				ALWAYS_EMBED_SWIFT_STANDARD_LIBRARIES = YES;
				BUNDLE_LOADER = "$(TEST_HOST)";
				CODE_SIGN_STYLE = Automatic;
				CURRENT_PROJECT_VERSION = 1;
				DEVELOPMENT_TEAM = K837NJXMYB;
				GENERATE_INFOPLIST_FILE = YES;
				IPHONEOS_DEPLOYMENT_TARGET = 15.0;
				LD_RUNPATH_SEARCH_PATHS = (
					"$(inherited)",
					"@executable_path/Frameworks",
					"@loader_path/Frameworks",
				);
				MARKETING_VERSION = 1.0;
				PRODUCT_BUNDLE_IDENTIFIER = "com.emircan.HW3-EmircanAydinTests";
				PRODUCT_NAME = "$(TARGET_NAME)";
				SWIFT_EMIT_LOC_STRINGS = NO;
				SWIFT_VERSION = 5.0;
				TARGETED_DEVICE_FAMILY = "1,2";
				TEST_HOST = "$(BUILT_PRODUCTS_DIR)/HW3_EmircanAydin.app/HW3_EmircanAydin";
			};
			name = Release;
		};
		90C8284B2710E55B00A8C356 /* Debug */ = {
			isa = XCBuildConfiguration;
			buildSettings = {
				ALWAYS_EMBED_SWIFT_STANDARD_LIBRARIES = YES;
				CODE_SIGN_STYLE = Automatic;
				CURRENT_PROJECT_VERSION = 1;
				DEVELOPMENT_TEAM = K837NJXMYB;
				GENERATE_INFOPLIST_FILE = YES;
				LD_RUNPATH_SEARCH_PATHS = (
					"$(inherited)",
					"@executable_path/Frameworks",
					"@loader_path/Frameworks",
				);
				MARKETING_VERSION = 1.0;
				PRODUCT_BUNDLE_IDENTIFIER = "com.emircan.HW3-EmircanAydinUITests";
				PRODUCT_NAME = "$(TARGET_NAME)";
				SWIFT_EMIT_LOC_STRINGS = NO;
				SWIFT_VERSION = 5.0;
				TARGETED_DEVICE_FAMILY = "1,2";
				TEST_TARGET_NAME = HW3_EmircanAydin;
			};
			name = Debug;
		};
		90C8284C2710E55B00A8C356 /* Release */ = {
			isa = XCBuildConfiguration;
			buildSettings = {
				ALWAYS_EMBED_SWIFT_STANDARD_LIBRARIES = YES;
				CODE_SIGN_STYLE = Automatic;
				CURRENT_PROJECT_VERSION = 1;
				DEVELOPMENT_TEAM = K837NJXMYB;
				GENERATE_INFOPLIST_FILE = YES;
				LD_RUNPATH_SEARCH_PATHS = (
					"$(inherited)",
					"@executable_path/Frameworks",
					"@loader_path/Frameworks",
				);
				MARKETING_VERSION = 1.0;
				PRODUCT_BUNDLE_IDENTIFIER = "com.emircan.HW3-EmircanAydinUITests";
				PRODUCT_NAME = "$(TARGET_NAME)";
				SWIFT_EMIT_LOC_STRINGS = NO;
				SWIFT_VERSION = 5.0;
				TARGETED_DEVICE_FAMILY = "1,2";
				TEST_TARGET_NAME = HW3_EmircanAydin;
			};
			name = Release;
		};
/* End XCBuildConfiguration section */

/* Begin XCConfigurationList section */
		90C828152710E55500A8C356 /* Build configuration list for PBXProject "HW3_EmircanAydin" */ = {
			isa = XCConfigurationList;
			buildConfigurations = (
				90C828422710E55B00A8C356 /* Debug */,
				90C828432710E55B00A8C356 /* Release */,
			);
			defaultConfigurationIsVisible = 0;
			defaultConfigurationName = Release;
		};
		90C828442710E55B00A8C356 /* Build configuration list for PBXNativeTarget "HW3_EmircanAydin" */ = {
			isa = XCConfigurationList;
			buildConfigurations = (
				90C828452710E55B00A8C356 /* Debug */,
				90C828462710E55B00A8C356 /* Release */,
			);
			defaultConfigurationIsVisible = 0;
			defaultConfigurationName = Release;
		};
		90C828472710E55B00A8C356 /* Build configuration list for PBXNativeTarget "HW3_EmircanAydinTests" */ = {
			isa = XCConfigurationList;
			buildConfigurations = (
				90C828482710E55B00A8C356 /* Debug */,
				90C828492710E55B00A8C356 /* Release */,
			);
			defaultConfigurationIsVisible = 0;
			defaultConfigurationName = Release;
		};
		90C8284A2710E55B00A8C356 /* Build configuration list for PBXNativeTarget "HW3_EmircanAydinUITests" */ = {
			isa = XCConfigurationList;
			buildConfigurations = (
				90C8284B2710E55B00A8C356 /* Debug */,
				90C8284C2710E55B00A8C356 /* Release */,
			);
			defaultConfigurationIsVisible = 0;
			defaultConfigurationName = Release;
		};
/* End XCConfigurationList section */
	};
	rootObject = 90C828122710E55500A8C356 /* Project object */;
}
